
Microsoft Visual Studio Solution File, Format Version 12.00
# Visual Studio Version 16
VisualStudioVersion = 16.0.30804.86
MinimumVisualStudioVersion = 10.0.40219.1
Project("{9A19103F-16F7-4668-BE54-9A1E7A4F7556}") = "QuantConnect.TradingTechnologies.Fix", "QuantConnect.TradingTechnologies.Fix\QuantConnect.TradingTechnologies.Fix.csproj", "{2E71AA9C-0EEE-4390-85DF-4021440F14C0}"
EndProject
Project("{9A19103F-16F7-4668-BE54-9A1E7A4F7556}") = "QuantConnect.TradingTechnologies", "QuantConnect.TradingTechnologies\QuantConnect.TradingTechnologies.csproj", "{0671E19C-3DA4-4346-89CA-43E4D337D4CE}"
EndProject
Project("{9A19103F-16F7-4668-BE54-9A1E7A4F7556}") = "QuantConnect.TradingTechnologiesTests", "QuantConnect.TradingTechnologiesTests\QuantConnect.TradingTechnologiesTests.csproj", "{C2B721AA-3E0A-4B29-8C71-BB0C883A7810}"
EndProject
Global
	GlobalSection(SolutionConfigurationPlatforms) = preSolution
		Debug|Any CPU = Debug|Any CPU
		Debug|x64 = Debug|x64
		Release|Any CPU = Release|Any CPU
		Release|x64 = Release|x64
	EndGlobalSection
	GlobalSection(ProjectConfigurationPlatforms) = postSolution
		{2E71AA9C-0EEE-4390-85DF-4021440F14C0}.Debug|Any CPU.ActiveCfg = Debug|Any CPU
		{2E71AA9C-0EEE-4390-85DF-4021440F14C0}.Debug|Any CPU.Build.0 = Debug|Any CPU
		{2E71AA9C-0EEE-4390-85DF-4021440F14C0}.Debug|x64.ActiveCfg = Debug|Any CPU
		{2E71AA9C-0EEE-4390-85DF-4021440F14C0}.Debug|x64.Build.0 = Debug|Any CPU
		{2E71AA9C-0EEE-4390-85DF-4021440F14C0}.Release|Any CPU.ActiveCfg = Release|Any CPU
		{2E71AA9C-0EEE-4390-85DF-4021440F14C0}.Release|Any CPU.Build.0 = Release|Any CPU
		{2E71AA9C-0EEE-4390-85DF-4021440F14C0}.Release|x64.ActiveCfg = Release|Any CPU
		{2E71AA9C-0EEE-4390-85DF-4021440F14C0}.Release|x64.Build.0 = Release|Any CPU
		{0671E19C-3DA4-4346-89CA-43E4D337D4CE}.Debug|Any CPU.ActiveCfg = Debug|Any CPU
		{0671E19C-3DA4-4346-89CA-43E4D337D4CE}.Debug|Any CPU.Build.0 = Debug|Any CPU
		{0671E19C-3DA4-4346-89CA-43E4D337D4CE}.Debug|x64.ActiveCfg = Debug|Any CPU
		{0671E19C-3DA4-4346-89CA-43E4D337D4CE}.Debug|x64.Build.0 = Debug|Any CPU
		{0671E19C-3DA4-4346-89CA-43E4D337D4CE}.Release|Any CPU.ActiveCfg = Release|Any CPU
		{0671E19C-3DA4-4346-89CA-43E4D337D4CE}.Release|Any CPU.Build.0 = Release|Any CPU
		{0671E19C-3DA4-4346-89CA-43E4D337D4CE}.Release|x64.ActiveCfg = Release|Any CPU
		{0671E19C-3DA4-4346-89CA-43E4D337D4CE}.Release|x64.Build.0 = Release|Any CPU
		{C2B721AA-3E0A-4B29-8C71-BB0C883A7810}.Debug|Any CPU.ActiveCfg = Debug|Any CPU
		{C2B721AA-3E0A-4B29-8C71-BB0C883A7810}.Debug|Any CPU.Build.0 = Debug|Any CPU
		{C2B721AA-3E0A-4B29-8C71-BB0C883A7810}.Debug|x64.ActiveCfg = Debug|Any CPU
		{C2B721AA-3E0A-4B29-8C71-BB0C883A7810}.Debug|x64.Build.0 = Debug|Any CPU
		{C2B721AA-3E0A-4B29-8C71-BB0C883A7810}.Release|Any CPU.ActiveCfg = Release|Any CPU
		{C2B721AA-3E0A-4B29-8C71-BB0C883A7810}.Release|Any CPU.Build.0 = Release|Any CPU
		{C2B721AA-3E0A-4B29-8C71-BB0C883A7810}.Release|x64.ActiveCfg = Release|Any CPU
		{C2B721AA-3E0A-4B29-8C71-BB0C883A7810}.Release|x64.Build.0 = Release|Any CPU
	EndGlobalSection
	GlobalSection(SolutionProperties) = preSolution
		HideSolutionNode = FALSE
	EndGlobalSection
	GlobalSection(ExtensibilityGlobals) = postSolution
		SolutionGuid = {1171D6C5-512B-4EB6-94D1-D8BDF70D5A60}
	EndGlobalSection
EndGlobal
